
Microsoft Visual Studio Solution File, Format Version 12.00
# Visual Studio Version 17
VisualStudioVersion = 17.0.31912.275
MinimumVisualStudioVersion = 10.0.40219.1
Project("{9A19103F-16F7-4668-BE54-9A1E7A4F7556}") = "Ptichki", "Ptichki\Ptichki.csproj", "{1F843EC0-9960-4412-B3B8-5D50A6E9EEB1}"
EndProject
Project("{2150E333-8FDC-42A3-9474-1A3956D46DE8}") = "App", "App", "{74F7530C-AE09-415A-94D0-54FA9F194057}"
EndProject
Project("{2150E333-8FDC-42A3-9474-1A3956D46DE8}") = "General", "General", "{9C288BD5-BAC8-4D2B-B6C3-4BFDAAEE49A3}"
EndProject
Project("{2150E333-8FDC-42A3-9474-1A3956D46DE8}") = "DbConnection", "DbConnection", "{DBABB2BD-07E4-4437-8EB2-EC6CE1C2FD5F}"
EndProject
Project("{2150E333-8FDC-42A3-9474-1A3956D46DE8}") = "Micqrs", "Micqrs", "{241C14C1-F8C6-4DB8-8183-A9FF10AB868A}"
EndProject
Project("{2150E333-8FDC-42A3-9474-1A3956D46DE8}") = "Mvvm", "Mvvm", "{753FD232-BFED-4305-93BF-32F9165ABA29}"
EndProject
Project("{2150E333-8FDC-42A3-9474-1A3956D46DE8}") = "Testing", "Testing", "{BCD4810E-3B60-4BCC-9C10-1443A1FCC5C3}"
EndProject
Project("{2150E333-8FDC-42A3-9474-1A3956D46DE8}") = "Domain", "Domain", "{B42DEBB7-2953-47B0-9E2C-48CEB990A658}"
EndProject
Project("{2150E333-8FDC-42A3-9474-1A3956D46DE8}") = "Data", "Data", "{BC7E8B5E-E7E9-4240-9D5B-141A7F71FF8D}"
EndProject
Project("{2150E333-8FDC-42A3-9474-1A3956D46DE8}") = "Application", "Application", "{45CF24EA-C2D5-4C27-9F16-9067B9543E0B}"
EndProject
Project("{2150E333-8FDC-42A3-9474-1A3956D46DE8}") = "Presentation", "Presentation", "{7694942C-55D3-4778-9BFD-F09853CE7E70}"
EndProject
Project("{2150E333-8FDC-42A3-9474-1A3956D46DE8}") = "Desktop", "Desktop", "{EA5B37B9-2C0D-4A40-9EF4-5C5CBB1FDDD9}"
EndProject
Project("{2150E333-8FDC-42A3-9474-1A3956D46DE8}") = "Executable", "Executable", "{F1B735F4-370C-47E8-BB55-D3C4BA859F2A}"
EndProject
Project("{2150E333-8FDC-42A3-9474-1A3956D46DE8}") = "Application", "Application", "{644306F8-F704-4331-823D-D5323F8D847F}"
EndProject
Project("{2150E333-8FDC-42A3-9474-1A3956D46DE8}") = "Data", "Data", "{69CBEAFE-7143-4C72-8763-488DBE756D05}"
EndProject
Project("{2150E333-8FDC-42A3-9474-1A3956D46DE8}") = "Domain", "Domain", "{0206BC0B-26C6-4745-AEC1-7A19087493CE}"
EndProject
Project("{2150E333-8FDC-42A3-9474-1A3956D46DE8}") = "Presentation", "Presentation", "{80D782C9-C592-400F-85B2-8A1B4E46C2B5}"
EndProject
Project("{9A19103F-16F7-4668-BE54-9A1E7A4F7556}") = "MVVMEssentials", "Src\Utilities\Librares\Mvvm\MVVMEssentials\MVVMEssentials.csproj", "{E2646419-2B5D-497E-8FD1-96665DF9FBFB}"
EndProject
Project("{9A19103F-16F7-4668-BE54-9A1E7A4F7556}") = "Ptichki.Domain.Abstractions", "Src\General\Domain\Ptichki.Domain.Abstractions\Ptichki.Domain.Abstractions.csproj", "{896E85E2-AFA6-411B-BB58-E604EF7C992B}"
EndProject
Project("{9A19103F-16F7-4668-BE54-9A1E7A4F7556}") = "Ptichki.Domain", "Src\General\Domain\Ptichki.Domain\Ptichki.Domain.csproj", "{09908B25-1B7B-4DEA-9177-73FC3BF0DFBA}"
EndProject
Project("{9A19103F-16F7-4668-BE54-9A1E7A4F7556}") = "Ptichki.Data", "Src\General\Data\Ptichki.Data\Ptichki.Data.csproj", "{8FB125E9-C9C8-4E35-B45A-637DCD07ADB2}"
EndProject
Project("{2150E333-8FDC-42A3-9474-1A3956D46DE8}") = "Utilities", "Utilities", "{EBBA5CA0-945E-448D-A2BF-AEF66645CAB7}"
EndProject
Project("{2150E333-8FDC-42A3-9474-1A3956D46DE8}") = "Libraries", "Libraries", "{CCC0C19A-92B6-4FF9-988F-739E8F5CA6C7}"
EndProject
Project("{2150E333-8FDC-42A3-9474-1A3956D46DE8}") = "Shared", "Shared", "{35958FEE-715D-4BF3-9337-65F7208E7BFC}"
EndProject
Project("{2150E333-8FDC-42A3-9474-1A3956D46DE8}") = "Tests", "Tests", "{6FFFBB71-EDF3-4075-BDAC-936F3FF0B0AF}"
EndProject
Project("{9A19103F-16F7-4668-BE54-9A1E7A4F7556}") = "MICS.Helpers.Core.Abstractions", "Src\Utilities\Librares\DbConnection\Micqrs\MICS.Helpers.Core.Abstractions\MICS.Helpers.Core.Abstractions.csproj", "{22F6E176-C7BF-41A1-8A98-873092513E5C}"
EndProject
Project("{9A19103F-16F7-4668-BE54-9A1E7A4F7556}") = "MICS.Helpers.Behaviors.Abstractions", "Src\Utilities\Librares\DbConnection\Micqrs\MICS.Helpers.Behaviors.Abstractions\MICS.Helpers.Behaviors.Abstractions.csproj", "{4B00D511-5658-454E-B6DE-0DDDEE5502B4}"
EndProject
Project("{9A19103F-16F7-4668-BE54-9A1E7A4F7556}") = "MICS.Helpers.Abstractions", "Src\Utilities\Librares\DbConnection\Micqrs\MICS.Helpers.Abstractions\MICS.Helpers.Abstractions.csproj", "{B7223B4F-413B-4CCE-A5B7-BDED657F216C}"
EndProject
Project("{9A19103F-16F7-4668-BE54-9A1E7A4F7556}") = "MICS.Helpers", "Src\Utilities\Librares\DbConnection\Micqrs\MICS.Helpers\MICS.Helpers.csproj", "{A69EA97B-61B3-4970-9FBC-8B9B2C54B874}"
EndProject
Project("{2150E333-8FDC-42A3-9474-1A3956D46DE8}") = "Auth", "Auth", "{9AD5C39A-88B8-477D-B876-F9553BFC4BDE}"
EndProject
Project("{9A19103F-16F7-4668-BE54-9A1E7A4F7556}") = "Authentication.Core", "Src\Utilities\Librares\Auth\Authentication.Core\Authentication.Core.csproj", "{1217B488-C1E2-4C6B-8594-A16D3C273944}"
EndProject
Project("{9A19103F-16F7-4668-BE54-9A1E7A4F7556}") = "Authentication.Core.Abstractions", "Src\Utilities\Librares\Auth\Authentication.Core.Abstractions\Authentication.Core.Abstractions.csproj", "{08E0F095-3F62-410D-8AF1-6FDA448EC8E6}"
EndProject
Project("{9A19103F-16F7-4668-BE54-9A1E7A4F7556}") = "Authentication.Core.Abstractions.Data", "Src\Utilities\Librares\Auth\Authentication.Core.Abstractions.Data\Authentication.Core.Abstractions.Data.csproj", "{5412376F-A169-469F-8B13-8B98B8C49AC2}"
EndProject
Project("{9A19103F-16F7-4668-BE54-9A1E7A4F7556}") = "Authentication.Core.Abstractions.Services", "Src\Utilities\Librares\Auth\Authentication.Core.Abstractions.Services\Authentication.Core.Abstractions.Services.csproj", "{E7692711-52CE-44C5-BD46-6DE9814831C7}"
EndProject
Project("{9A19103F-16F7-4668-BE54-9A1E7A4F7556}") = "Authentication.Core.Services", "Src\Utilities\Librares\Auth\Authentication.Core.Services\Authentication.Core.Services.csproj", "{8F90917F-DD2C-4645-9B2D-522937B2409E}"
EndProject
Project("{9A19103F-16F7-4668-BE54-9A1E7A4F7556}") = "Authentication.Helpers", "Src\Utilities\Librares\Auth\Authentication.Helpers\Authentication.Helpers.csproj", "{65BBB4F7-9AF4-48AC-937E-84154388576A}"
EndProject
Project("{9A19103F-16F7-4668-BE54-9A1E7A4F7556}") = "Ptichki.Data.Authentication", "Src\General\Data\Authentication.Data\Ptichki.Data.Authentication.csproj", "{E3A1458E-B390-496C-B727-9AB0D750CFAC}"
EndProject
Project("{9A19103F-16F7-4668-BE54-9A1E7A4F7556}") = "Authentication.Tools", "Src\Utilities\Librares\Auth\Authentication.Tools\Authentication.Tools.csproj", "{37D5B4B6-464D-41E7-B07C-AF5B952CDEFE}"
EndProject
Project("{2150E333-8FDC-42A3-9474-1A3956D46DE8}") = "Tools", "Tools", "{B20A3D8C-E9BE-427E-A1C0-B0BEA8AFDCF1}"
EndProject
Project("{9A19103F-16F7-4668-BE54-9A1E7A4F7556}") = "Ptichki.Tools.Connection", "Src\Utilities\Shared\Tools\Ptichki.Tools.Connection\Ptichki.Tools.Connection.csproj", "{64187EFF-E7A8-4736-9302-C9F7D566141E}"
EndProject
Project("{9A19103F-16F7-4668-BE54-9A1E7A4F7556}") = "Ptichki.Tools.Connection.Models", "Src\Utilities\Shared\Tools\Ptichki.Tools.Connection.Models\Ptichki.Tools.Connection.Models.csproj", "{A930D5A6-040D-4230-8D06-3301CC118533}"
EndProject
Project("{9A19103F-16F7-4668-BE54-9A1E7A4F7556}") = "Ptichki.Presentation.Design", "Src\General\Presentation\Ptichki.Presentation.Design\Ptichki.Presentation.Design.csproj", "{F1F91C3C-1379-4620-9597-218DEBE9B874}"
EndProject
Project("{9A19103F-16F7-4668-BE54-9A1E7A4F7556}") = "Ptichki.Presentation.ViewModels.Abstractions", "Src\General\Presentation\Ptichki.Presentation.ViewModels.Abstractions\Ptichki.Presentation.ViewModels.Abstractions.csproj", "{8434B0E6-1737-4CE1-8A97-45B3A10D62FF}"
EndProject
Project("{9A19103F-16F7-4668-BE54-9A1E7A4F7556}") = "Ptichki.Presentation.ViewModels", "Src\General\Presentation\Ptichki.Presentation.ViewModels\Ptichki.Presentation.ViewModels.csproj", "{2BA7834B-B91F-4DC2-A226-AB13A42EE01D}"
EndProject
Project("{9A19103F-16F7-4668-BE54-9A1E7A4F7556}") = "Ptichki.Presentation.Commands", "Src\General\Presentation\Ptichki.Presentation.Commands\Ptichki.Presentation.Commands.csproj", "{C1282279-FBE2-4ED9-9792-2EAD82C8F23A}"
EndProject
Project("{2150E333-8FDC-42A3-9474-1A3956D46DE8}") = "Mappings", "Mappings", "{09DA1B50-FF0D-4F95-83F3-602DE8361286}"
EndProject
Project("{2150E333-8FDC-42A3-9474-1A3956D46DE8}") = "Mappings", "Mappings", "{6DFC972C-4991-4352-9849-B11E40C63F0B}"
EndProject
Project("{9A19103F-16F7-4668-BE54-9A1E7A4F7556}") = "Ptichki.Mappings.Tools", "Src\General\Mappings\Ptichki.Mappings.Tools\Ptichki.Mappings.Tools.csproj", "{9C3009D8-D331-41A9-81D5-39F54B529324}"
EndProject
Project("{9A19103F-16F7-4668-BE54-9A1E7A4F7556}") = "Ptichki.Data.Models", "Src\General\Data\Ptichki.Data.Models\Ptichki.Data.Models.csproj", "{DCF42A7E-8EA2-46AE-B135-8AA8701F01E7}"
EndProject
Project("{9A19103F-16F7-4668-BE54-9A1E7A4F7556}") = "Ptichki.Application", "Src\General\Application\Ptichki.Application\Ptichki.Application.csproj", "{3FE286D4-34FA-4BAD-9841-925146208650}"
EndProject
Project("{9A19103F-16F7-4668-BE54-9A1E7A4F7556}") = "Ptichki.Application.Micqrs", "Src\General\Application\Ptichki.Application.Micqrs\Ptichki.Application.Micqrs.csproj", "{54C2AA79-93F4-497B-811A-5013D743255E}"
EndProject
Project("{9A19103F-16F7-4668-BE54-9A1E7A4F7556}") = "Ptichki.Presentation.Pages", "Src\General\Presentation\Ptichki.Presentation.Pages\Ptichki.Presentation.Pages.csproj", "{4966A552-F63F-4F4E-A360-D0DBD0A45934}"
EndProject
Project("{9A19103F-16F7-4668-BE54-9A1E7A4F7556}") = "Ptichki.Desktop", "Src\App\Executable\Desktop\Ptichki.Desktop\Ptichki.Desktop.csproj", "{2DAB0B32-BE86-4BCF-A5F6-72153FDA88F5}"
EndProject
Project("{9A19103F-16F7-4668-BE54-9A1E7A4F7556}") = "Ptichki.Tools.Misc", "Src\Utilities\Shared\Tools\Ptichki.Tools.Misc\Ptichki.Tools.Misc.csproj", "{9520A2E4-0554-47B0-ADFA-16D15307AB28}"
EndProject
Project("{FAE04EC0-301F-11D3-BF4B-00C04F79EFBC}") = "Ptichki.Application.Cqrs", "Src\General\Application\Ptichki.Application.Cqrs\Ptichki.Application.Cqrs.csproj", "{4FA015A0-B691-4177-94EA-12A4429836C9}"
EndProject
Global
	GlobalSection(SolutionConfigurationPlatforms) = preSolution
		Debug|Any CPU = Debug|Any CPU
		Release|Any CPU = Release|Any CPU
	EndGlobalSection
	GlobalSection(ProjectConfigurationPlatforms) = postSolution
		{1F843EC0-9960-4412-B3B8-5D50A6E9EEB1}.Debug|Any CPU.ActiveCfg = Debug|Any CPU
		{1F843EC0-9960-4412-B3B8-5D50A6E9EEB1}.Debug|Any CPU.Build.0 = Debug|Any CPU
		{1F843EC0-9960-4412-B3B8-5D50A6E9EEB1}.Release|Any CPU.ActiveCfg = Release|Any CPU
		{1F843EC0-9960-4412-B3B8-5D50A6E9EEB1}.Release|Any CPU.Build.0 = Release|Any CPU
		{E2646419-2B5D-497E-8FD1-96665DF9FBFB}.Debug|Any CPU.ActiveCfg = Debug|Any CPU
		{E2646419-2B5D-497E-8FD1-96665DF9FBFB}.Debug|Any CPU.Build.0 = Debug|Any CPU
		{E2646419-2B5D-497E-8FD1-96665DF9FBFB}.Release|Any CPU.ActiveCfg = Release|Any CPU
		{E2646419-2B5D-497E-8FD1-96665DF9FBFB}.Release|Any CPU.Build.0 = Release|Any CPU
		{896E85E2-AFA6-411B-BB58-E604EF7C992B}.Debug|Any CPU.ActiveCfg = Debug|Any CPU
		{896E85E2-AFA6-411B-BB58-E604EF7C992B}.Debug|Any CPU.Build.0 = Debug|Any CPU
		{896E85E2-AFA6-411B-BB58-E604EF7C992B}.Release|Any CPU.ActiveCfg = Release|Any CPU
		{896E85E2-AFA6-411B-BB58-E604EF7C992B}.Release|Any CPU.Build.0 = Release|Any CPU
		{09908B25-1B7B-4DEA-9177-73FC3BF0DFBA}.Debug|Any CPU.ActiveCfg = Debug|Any CPU
		{09908B25-1B7B-4DEA-9177-73FC3BF0DFBA}.Debug|Any CPU.Build.0 = Debug|Any CPU
		{09908B25-1B7B-4DEA-9177-73FC3BF0DFBA}.Release|Any CPU.ActiveCfg = Release|Any CPU
		{09908B25-1B7B-4DEA-9177-73FC3BF0DFBA}.Release|Any CPU.Build.0 = Release|Any CPU
		{8FB125E9-C9C8-4E35-B45A-637DCD07ADB2}.Debug|Any CPU.ActiveCfg = Debug|Any CPU
		{8FB125E9-C9C8-4E35-B45A-637DCD07ADB2}.Debug|Any CPU.Build.0 = Debug|Any CPU
		{8FB125E9-C9C8-4E35-B45A-637DCD07ADB2}.Release|Any CPU.ActiveCfg = Release|Any CPU
		{8FB125E9-C9C8-4E35-B45A-637DCD07ADB2}.Release|Any CPU.Build.0 = Release|Any CPU
		{22F6E176-C7BF-41A1-8A98-873092513E5C}.Debug|Any CPU.ActiveCfg = Debug|Any CPU
		{22F6E176-C7BF-41A1-8A98-873092513E5C}.Debug|Any CPU.Build.0 = Debug|Any CPU
		{22F6E176-C7BF-41A1-8A98-873092513E5C}.Release|Any CPU.ActiveCfg = Release|Any CPU
		{22F6E176-C7BF-41A1-8A98-873092513E5C}.Release|Any CPU.Build.0 = Release|Any CPU
		{4B00D511-5658-454E-B6DE-0DDDEE5502B4}.Debug|Any CPU.ActiveCfg = Debug|Any CPU
		{4B00D511-5658-454E-B6DE-0DDDEE5502B4}.Debug|Any CPU.Build.0 = Debug|Any CPU
		{4B00D511-5658-454E-B6DE-0DDDEE5502B4}.Release|Any CPU.ActiveCfg = Release|Any CPU
		{4B00D511-5658-454E-B6DE-0DDDEE5502B4}.Release|Any CPU.Build.0 = Release|Any CPU
		{B7223B4F-413B-4CCE-A5B7-BDED657F216C}.Debug|Any CPU.ActiveCfg = Debug|Any CPU
		{B7223B4F-413B-4CCE-A5B7-BDED657F216C}.Debug|Any CPU.Build.0 = Debug|Any CPU
		{B7223B4F-413B-4CCE-A5B7-BDED657F216C}.Release|Any CPU.ActiveCfg = Release|Any CPU
		{B7223B4F-413B-4CCE-A5B7-BDED657F216C}.Release|Any CPU.Build.0 = Release|Any CPU
		{A69EA97B-61B3-4970-9FBC-8B9B2C54B874}.Debug|Any CPU.ActiveCfg = Debug|Any CPU
		{A69EA97B-61B3-4970-9FBC-8B9B2C54B874}.Debug|Any CPU.Build.0 = Debug|Any CPU
		{A69EA97B-61B3-4970-9FBC-8B9B2C54B874}.Release|Any CPU.ActiveCfg = Release|Any CPU
		{A69EA97B-61B3-4970-9FBC-8B9B2C54B874}.Release|Any CPU.Build.0 = Release|Any CPU
		{1217B488-C1E2-4C6B-8594-A16D3C273944}.Debug|Any CPU.ActiveCfg = Debug|Any CPU
		{1217B488-C1E2-4C6B-8594-A16D3C273944}.Debug|Any CPU.Build.0 = Debug|Any CPU
		{1217B488-C1E2-4C6B-8594-A16D3C273944}.Release|Any CPU.ActiveCfg = Release|Any CPU
		{1217B488-C1E2-4C6B-8594-A16D3C273944}.Release|Any CPU.Build.0 = Release|Any CPU
		{08E0F095-3F62-410D-8AF1-6FDA448EC8E6}.Debug|Any CPU.ActiveCfg = Debug|Any CPU
		{08E0F095-3F62-410D-8AF1-6FDA448EC8E6}.Debug|Any CPU.Build.0 = Debug|Any CPU
		{08E0F095-3F62-410D-8AF1-6FDA448EC8E6}.Release|Any CPU.ActiveCfg = Release|Any CPU
		{08E0F095-3F62-410D-8AF1-6FDA448EC8E6}.Release|Any CPU.Build.0 = Release|Any CPU
		{5412376F-A169-469F-8B13-8B98B8C49AC2}.Debug|Any CPU.ActiveCfg = Debug|Any CPU
		{5412376F-A169-469F-8B13-8B98B8C49AC2}.Debug|Any CPU.Build.0 = Debug|Any CPU
		{5412376F-A169-469F-8B13-8B98B8C49AC2}.Release|Any CPU.ActiveCfg = Release|Any CPU
		{5412376F-A169-469F-8B13-8B98B8C49AC2}.Release|Any CPU.Build.0 = Release|Any CPU
		{E7692711-52CE-44C5-BD46-6DE9814831C7}.Debug|Any CPU.ActiveCfg = Debug|Any CPU
		{E7692711-52CE-44C5-BD46-6DE9814831C7}.Debug|Any CPU.Build.0 = Debug|Any CPU
		{E7692711-52CE-44C5-BD46-6DE9814831C7}.Release|Any CPU.ActiveCfg = Release|Any CPU
		{E7692711-52CE-44C5-BD46-6DE9814831C7}.Release|Any CPU.Build.0 = Release|Any CPU
		{8F90917F-DD2C-4645-9B2D-522937B2409E}.Debug|Any CPU.ActiveCfg = Debug|Any CPU
		{8F90917F-DD2C-4645-9B2D-522937B2409E}.Debug|Any CPU.Build.0 = Debug|Any CPU
		{8F90917F-DD2C-4645-9B2D-522937B2409E}.Release|Any CPU.ActiveCfg = Release|Any CPU
		{8F90917F-DD2C-4645-9B2D-522937B2409E}.Release|Any CPU.Build.0 = Release|Any CPU
		{65BBB4F7-9AF4-48AC-937E-84154388576A}.Debug|Any CPU.ActiveCfg = Debug|Any CPU
		{65BBB4F7-9AF4-48AC-937E-84154388576A}.Debug|Any CPU.Build.0 = Debug|Any CPU
		{65BBB4F7-9AF4-48AC-937E-84154388576A}.Release|Any CPU.ActiveCfg = Release|Any CPU
		{65BBB4F7-9AF4-48AC-937E-84154388576A}.Release|Any CPU.Build.0 = Release|Any CPU
		{E3A1458E-B390-496C-B727-9AB0D750CFAC}.Debug|Any CPU.ActiveCfg = Debug|Any CPU
		{E3A1458E-B390-496C-B727-9AB0D750CFAC}.Debug|Any CPU.Build.0 = Debug|Any CPU
		{E3A1458E-B390-496C-B727-9AB0D750CFAC}.Release|Any CPU.ActiveCfg = Release|Any CPU
		{E3A1458E-B390-496C-B727-9AB0D750CFAC}.Release|Any CPU.Build.0 = Release|Any CPU
		{37D5B4B6-464D-41E7-B07C-AF5B952CDEFE}.Debug|Any CPU.ActiveCfg = Debug|Any CPU
		{37D5B4B6-464D-41E7-B07C-AF5B952CDEFE}.Debug|Any CPU.Build.0 = Debug|Any CPU
		{37D5B4B6-464D-41E7-B07C-AF5B952CDEFE}.Release|Any CPU.ActiveCfg = Release|Any CPU
		{37D5B4B6-464D-41E7-B07C-AF5B952CDEFE}.Release|Any CPU.Build.0 = Release|Any CPU
		{64187EFF-E7A8-4736-9302-C9F7D566141E}.Debug|Any CPU.ActiveCfg = Debug|Any CPU
		{64187EFF-E7A8-4736-9302-C9F7D566141E}.Debug|Any CPU.Build.0 = Debug|Any CPU
		{64187EFF-E7A8-4736-9302-C9F7D566141E}.Release|Any CPU.ActiveCfg = Release|Any CPU
		{64187EFF-E7A8-4736-9302-C9F7D566141E}.Release|Any CPU.Build.0 = Release|Any CPU
		{A930D5A6-040D-4230-8D06-3301CC118533}.Debug|Any CPU.ActiveCfg = Debug|Any CPU
		{A930D5A6-040D-4230-8D06-3301CC118533}.Debug|Any CPU.Build.0 = Debug|Any CPU
		{A930D5A6-040D-4230-8D06-3301CC118533}.Release|Any CPU.ActiveCfg = Release|Any CPU
		{A930D5A6-040D-4230-8D06-3301CC118533}.Release|Any CPU.Build.0 = Release|Any CPU
		{F1F91C3C-1379-4620-9597-218DEBE9B874}.Debug|Any CPU.ActiveCfg = Debug|Any CPU
		{F1F91C3C-1379-4620-9597-218DEBE9B874}.Debug|Any CPU.Build.0 = Debug|Any CPU
		{F1F91C3C-1379-4620-9597-218DEBE9B874}.Release|Any CPU.ActiveCfg = Release|Any CPU
		{F1F91C3C-1379-4620-9597-218DEBE9B874}.Release|Any CPU.Build.0 = Release|Any CPU
		{8434B0E6-1737-4CE1-8A97-45B3A10D62FF}.Debug|Any CPU.ActiveCfg = Debug|Any CPU
		{8434B0E6-1737-4CE1-8A97-45B3A10D62FF}.Debug|Any CPU.Build.0 = Debug|Any CPU
		{8434B0E6-1737-4CE1-8A97-45B3A10D62FF}.Release|Any CPU.ActiveCfg = Release|Any CPU
		{8434B0E6-1737-4CE1-8A97-45B3A10D62FF}.Release|Any CPU.Build.0 = Release|Any CPU
		{2BA7834B-B91F-4DC2-A226-AB13A42EE01D}.Debug|Any CPU.ActiveCfg = Debug|Any CPU
		{2BA7834B-B91F-4DC2-A226-AB13A42EE01D}.Debug|Any CPU.Build.0 = Debug|Any CPU
		{2BA7834B-B91F-4DC2-A226-AB13A42EE01D}.Release|Any CPU.ActiveCfg = Release|Any CPU
		{2BA7834B-B91F-4DC2-A226-AB13A42EE01D}.Release|Any CPU.Build.0 = Release|Any CPU
		{C1282279-FBE2-4ED9-9792-2EAD82C8F23A}.Debug|Any CPU.ActiveCfg = Debug|Any CPU
		{C1282279-FBE2-4ED9-9792-2EAD82C8F23A}.Debug|Any CPU.Build.0 = Debug|Any CPU
		{C1282279-FBE2-4ED9-9792-2EAD82C8F23A}.Release|Any CPU.ActiveCfg = Release|Any CPU
		{C1282279-FBE2-4ED9-9792-2EAD82C8F23A}.Release|Any CPU.Build.0 = Release|Any CPU
		{9C3009D8-D331-41A9-81D5-39F54B529324}.Debug|Any CPU.ActiveCfg = Debug|Any CPU
		{9C3009D8-D331-41A9-81D5-39F54B529324}.Debug|Any CPU.Build.0 = Debug|Any CPU
		{9C3009D8-D331-41A9-81D5-39F54B529324}.Release|Any CPU.ActiveCfg = Release|Any CPU
		{9C3009D8-D331-41A9-81D5-39F54B529324}.Release|Any CPU.Build.0 = Release|Any CPU
		{DCF42A7E-8EA2-46AE-B135-8AA8701F01E7}.Debug|Any CPU.ActiveCfg = Debug|Any CPU
		{DCF42A7E-8EA2-46AE-B135-8AA8701F01E7}.Debug|Any CPU.Build.0 = Debug|Any CPU
		{DCF42A7E-8EA2-46AE-B135-8AA8701F01E7}.Release|Any CPU.ActiveCfg = Release|Any CPU
		{DCF42A7E-8EA2-46AE-B135-8AA8701F01E7}.Release|Any CPU.Build.0 = Release|Any CPU
		{3FE286D4-34FA-4BAD-9841-925146208650}.Debug|Any CPU.ActiveCfg = Debug|Any CPU
		{3FE286D4-34FA-4BAD-9841-925146208650}.Debug|Any CPU.Build.0 = Debug|Any CPU
		{3FE286D4-34FA-4BAD-9841-925146208650}.Release|Any CPU.ActiveCfg = Release|Any CPU
		{3FE286D4-34FA-4BAD-9841-925146208650}.Release|Any CPU.Build.0 = Release|Any CPU
		{54C2AA79-93F4-497B-811A-5013D743255E}.Debug|Any CPU.ActiveCfg = Debug|Any CPU
		{54C2AA79-93F4-497B-811A-5013D743255E}.Debug|Any CPU.Build.0 = Debug|Any CPU
		{54C2AA79-93F4-497B-811A-5013D743255E}.Release|Any CPU.ActiveCfg = Release|Any CPU
		{54C2AA79-93F4-497B-811A-5013D743255E}.Release|Any CPU.Build.0 = Release|Any CPU
		{4966A552-F63F-4F4E-A360-D0DBD0A45934}.Debug|Any CPU.ActiveCfg = Debug|Any CPU
		{4966A552-F63F-4F4E-A360-D0DBD0A45934}.Debug|Any CPU.Build.0 = Debug|Any CPU
		{4966A552-F63F-4F4E-A360-D0DBD0A45934}.Release|Any CPU.ActiveCfg = Release|Any CPU
		{4966A552-F63F-4F4E-A360-D0DBD0A45934}.Release|Any CPU.Build.0 = Release|Any CPU
		{2DAB0B32-BE86-4BCF-A5F6-72153FDA88F5}.Debug|Any CPU.ActiveCfg = Debug|Any CPU
		{2DAB0B32-BE86-4BCF-A5F6-72153FDA88F5}.Debug|Any CPU.Build.0 = Debug|Any CPU
		{2DAB0B32-BE86-4BCF-A5F6-72153FDA88F5}.Release|Any CPU.ActiveCfg = Release|Any CPU
		{2DAB0B32-BE86-4BCF-A5F6-72153FDA88F5}.Release|Any CPU.Build.0 = Release|Any CPU
		{9520A2E4-0554-47B0-ADFA-16D15307AB28}.Debug|Any CPU.ActiveCfg = Debug|Any CPU
		{9520A2E4-0554-47B0-ADFA-16D15307AB28}.Debug|Any CPU.Build.0 = Debug|Any CPU
		{9520A2E4-0554-47B0-ADFA-16D15307AB28}.Release|Any CPU.ActiveCfg = Release|Any CPU
		{9520A2E4-0554-47B0-ADFA-16D15307AB28}.Release|Any CPU.Build.0 = Release|Any CPU
		{4FA015A0-B691-4177-94EA-12A4429836C9}.Debug|Any CPU.ActiveCfg = Debug|Any CPU
		{4FA015A0-B691-4177-94EA-12A4429836C9}.Debug|Any CPU.Build.0 = Debug|Any CPU
		{4FA015A0-B691-4177-94EA-12A4429836C9}.Release|Any CPU.ActiveCfg = Release|Any CPU
		{4FA015A0-B691-4177-94EA-12A4429836C9}.Release|Any CPU.Build.0 = Release|Any CPU
	EndGlobalSection
	GlobalSection(SolutionProperties) = preSolution
		HideSolutionNode = FALSE
	EndGlobalSection
	GlobalSection(NestedProjects) = preSolution
		{DBABB2BD-07E4-4437-8EB2-EC6CE1C2FD5F} = {CCC0C19A-92B6-4FF9-988F-739E8F5CA6C7}
		{241C14C1-F8C6-4DB8-8183-A9FF10AB868A} = {DBABB2BD-07E4-4437-8EB2-EC6CE1C2FD5F}
		{753FD232-BFED-4305-93BF-32F9165ABA29} = {CCC0C19A-92B6-4FF9-988F-739E8F5CA6C7}
		{B42DEBB7-2953-47B0-9E2C-48CEB990A658} = {9C288BD5-BAC8-4D2B-B6C3-4BFDAAEE49A3}
		{BC7E8B5E-E7E9-4240-9D5B-141A7F71FF8D} = {9C288BD5-BAC8-4D2B-B6C3-4BFDAAEE49A3}
		{45CF24EA-C2D5-4C27-9F16-9067B9543E0B} = {9C288BD5-BAC8-4D2B-B6C3-4BFDAAEE49A3}
		{7694942C-55D3-4778-9BFD-F09853CE7E70} = {9C288BD5-BAC8-4D2B-B6C3-4BFDAAEE49A3}
		{EA5B37B9-2C0D-4A40-9EF4-5C5CBB1FDDD9} = {F1B735F4-370C-47E8-BB55-D3C4BA859F2A}
		{F1B735F4-370C-47E8-BB55-D3C4BA859F2A} = {74F7530C-AE09-415A-94D0-54FA9F194057}
		{644306F8-F704-4331-823D-D5323F8D847F} = {BCD4810E-3B60-4BCC-9C10-1443A1FCC5C3}
		{69CBEAFE-7143-4C72-8763-488DBE756D05} = {BCD4810E-3B60-4BCC-9C10-1443A1FCC5C3}
		{0206BC0B-26C6-4745-AEC1-7A19087493CE} = {BCD4810E-3B60-4BCC-9C10-1443A1FCC5C3}
		{80D782C9-C592-400F-85B2-8A1B4E46C2B5} = {BCD4810E-3B60-4BCC-9C10-1443A1FCC5C3}
		{E2646419-2B5D-497E-8FD1-96665DF9FBFB} = {753FD232-BFED-4305-93BF-32F9165ABA29}
		{896E85E2-AFA6-411B-BB58-E604EF7C992B} = {B42DEBB7-2953-47B0-9E2C-48CEB990A658}
		{09908B25-1B7B-4DEA-9177-73FC3BF0DFBA} = {B42DEBB7-2953-47B0-9E2C-48CEB990A658}
		{8FB125E9-C9C8-4E35-B45A-637DCD07ADB2} = {BC7E8B5E-E7E9-4240-9D5B-141A7F71FF8D}
		{CCC0C19A-92B6-4FF9-988F-739E8F5CA6C7} = {EBBA5CA0-945E-448D-A2BF-AEF66645CAB7}
		{35958FEE-715D-4BF3-9337-65F7208E7BFC} = {EBBA5CA0-945E-448D-A2BF-AEF66645CAB7}
		{6FFFBB71-EDF3-4075-BDAC-936F3FF0B0AF} = {EBBA5CA0-945E-448D-A2BF-AEF66645CAB7}
		{22F6E176-C7BF-41A1-8A98-873092513E5C} = {241C14C1-F8C6-4DB8-8183-A9FF10AB868A}
		{4B00D511-5658-454E-B6DE-0DDDEE5502B4} = {241C14C1-F8C6-4DB8-8183-A9FF10AB868A}
		{B7223B4F-413B-4CCE-A5B7-BDED657F216C} = {241C14C1-F8C6-4DB8-8183-A9FF10AB868A}
		{A69EA97B-61B3-4970-9FBC-8B9B2C54B874} = {241C14C1-F8C6-4DB8-8183-A9FF10AB868A}
		{9AD5C39A-88B8-477D-B876-F9553BFC4BDE} = {CCC0C19A-92B6-4FF9-988F-739E8F5CA6C7}
		{1217B488-C1E2-4C6B-8594-A16D3C273944} = {9AD5C39A-88B8-477D-B876-F9553BFC4BDE}
		{08E0F095-3F62-410D-8AF1-6FDA448EC8E6} = {9AD5C39A-88B8-477D-B876-F9553BFC4BDE}
		{5412376F-A169-469F-8B13-8B98B8C49AC2} = {9AD5C39A-88B8-477D-B876-F9553BFC4BDE}
		{E7692711-52CE-44C5-BD46-6DE9814831C7} = {9AD5C39A-88B8-477D-B876-F9553BFC4BDE}
		{8F90917F-DD2C-4645-9B2D-522937B2409E} = {9AD5C39A-88B8-477D-B876-F9553BFC4BDE}
		{65BBB4F7-9AF4-48AC-937E-84154388576A} = {9AD5C39A-88B8-477D-B876-F9553BFC4BDE}
		{E3A1458E-B390-496C-B727-9AB0D750CFAC} = {BC7E8B5E-E7E9-4240-9D5B-141A7F71FF8D}
		{37D5B4B6-464D-41E7-B07C-AF5B952CDEFE} = {9AD5C39A-88B8-477D-B876-F9553BFC4BDE}
		{B20A3D8C-E9BE-427E-A1C0-B0BEA8AFDCF1} = {35958FEE-715D-4BF3-9337-65F7208E7BFC}
		{64187EFF-E7A8-4736-9302-C9F7D566141E} = {B20A3D8C-E9BE-427E-A1C0-B0BEA8AFDCF1}
		{A930D5A6-040D-4230-8D06-3301CC118533} = {B20A3D8C-E9BE-427E-A1C0-B0BEA8AFDCF1}
		{F1F91C3C-1379-4620-9597-218DEBE9B874} = {7694942C-55D3-4778-9BFD-F09853CE7E70}
		{8434B0E6-1737-4CE1-8A97-45B3A10D62FF} = {7694942C-55D3-4778-9BFD-F09853CE7E70}
		{2BA7834B-B91F-4DC2-A226-AB13A42EE01D} = {7694942C-55D3-4778-9BFD-F09853CE7E70}
		{C1282279-FBE2-4ED9-9792-2EAD82C8F23A} = {7694942C-55D3-4778-9BFD-F09853CE7E70}
		{09DA1B50-FF0D-4F95-83F3-602DE8361286} = {9C288BD5-BAC8-4D2B-B6C3-4BFDAAEE49A3}
		{6DFC972C-4991-4352-9849-B11E40C63F0B} = {BCD4810E-3B60-4BCC-9C10-1443A1FCC5C3}
		{9C3009D8-D331-41A9-81D5-39F54B529324} = {09DA1B50-FF0D-4F95-83F3-602DE8361286}
		{DCF42A7E-8EA2-46AE-B135-8AA8701F01E7} = {BC7E8B5E-E7E9-4240-9D5B-141A7F71FF8D}
		{3FE286D4-34FA-4BAD-9841-925146208650} = {45CF24EA-C2D5-4C27-9F16-9067B9543E0B}
		{54C2AA79-93F4-497B-811A-5013D743255E} = {45CF24EA-C2D5-4C27-9F16-9067B9543E0B}
		{4966A552-F63F-4F4E-A360-D0DBD0A45934} = {7694942C-55D3-4778-9BFD-F09853CE7E70}
		{2DAB0B32-BE86-4BCF-A5F6-72153FDA88F5} = {EA5B37B9-2C0D-4A40-9EF4-5C5CBB1FDDD9}
		{9520A2E4-0554-47B0-ADFA-16D15307AB28} = {B20A3D8C-E9BE-427E-A1C0-B0BEA8AFDCF1}
		{4FA015A0-B691-4177-94EA-12A4429836C9} = {45CF24EA-C2D5-4C27-9F16-9067B9543E0B}
	EndGlobalSection
	GlobalSection(ExtensibilityGlobals) = postSolution
		SolutionGuid = {07355009-1890-40B1-B6E7-60EFE6E40E35}
	EndGlobalSection
EndGlobal
